
Microsoft Visual Studio Solution File, Format Version 12.00
# Visual Studio Version 17
VisualStudioVersion = 17.7.34202.233
MinimumVisualStudioVersion = 10.0.40219.1
Project("{FAE04EC0-301F-11D3-BF4B-00C04F79EFBC}") = "TripLog8-1", "TripLog8-1\TripLog8-1.csproj", "{00007E2B-4AE2-4FB0-8EDD-7198927B4BEF}"
EndProject
Global
	GlobalSection(SolutionConfigurationPlatforms) = preSolution
		Debug|Any CPU = Debug|Any CPU
		Release|Any CPU = Release|Any CPU
	EndGlobalSection
	GlobalSection(ProjectConfigurationPlatforms) = postSolution
		{00007E2B-4AE2-4FB0-8EDD-7198927B4BEF}.Debug|Any CPU.ActiveCfg = Debug|Any CPU
		{00007E2B-4AE2-4FB0-8EDD-7198927B4BEF}.Debug|Any CPU.Build.0 = Debug|Any CPU
		{00007E2B-4AE2-4FB0-8EDD-7198927B4BEF}.Release|Any CPU.ActiveCfg = Release|Any CPU
		{00007E2B-4AE2-4FB0-8EDD-7198927B4BEF}.Release|Any CPU.Build.0 = Release|Any CPU
	EndGlobalSection
	GlobalSection(SolutionProperties) = preSolution
		HideSolutionNode = FALSE
	EndGlobalSection
	GlobalSection(ExtensibilityGlobals) = postSolution
		SolutionGuid = {C87DA842-8B58-45DE-801B-CD70F84E592C}
	EndGlobalSection
EndGlobal
