
Microsoft Visual Studio Solution File, Format Version 12.00
# Visual Studio Version 17
VisualStudioVersion = 17.6.33712.159
MinimumVisualStudioVersion = 10.0.40219.1
Project("{FAE04EC0-301F-11D3-BF4B-00C04F79EFBC}") = "MyWebsite7", "MyWebsite7\MyWebsite7.csproj", "{21CBCC6F-A794-4B65-9247-A7A1CED1CECD}"
EndProject
Global
	GlobalSection(SolutionConfigurationPlatforms) = preSolution
		Debug|Any CPU = Debug|Any CPU
		Release|Any CPU = Release|Any CPU
	EndGlobalSection
	GlobalSection(ProjectConfigurationPlatforms) = postSolution
		{21CBCC6F-A794-4B65-9247-A7A1CED1CECD}.Debug|Any CPU.ActiveCfg = Debug|Any CPU
		{21CBCC6F-A794-4B65-9247-A7A1CED1CECD}.Debug|Any CPU.Build.0 = Debug|Any CPU
		{21CBCC6F-A794-4B65-9247-A7A1CED1CECD}.Release|Any CPU.ActiveCfg = Release|Any CPU
		{21CBCC6F-A794-4B65-9247-A7A1CED1CECD}.Release|Any CPU.Build.0 = Release|Any CPU
	EndGlobalSection
	GlobalSection(SolutionProperties) = preSolution
		HideSolutionNode = FALSE
	EndGlobalSection
	GlobalSection(ExtensibilityGlobals) = postSolution
		SolutionGuid = {D176B1C2-17FB-4D3A-9B86-8601B538A3BE}
	EndGlobalSection
EndGlobal
